<?xml version="1.0" encoding="utf-8"?>
<Project ToolsVersion="4.0" xmlns="http://schemas.microsoft.com/developer/msbuild/2003">
  <ItemGroup>
    <Filter Include="Engine">
      <UniqueIdentifier>{cf2d66f0-4691-40f3-a930-f56b1f003c95}</UniqueIdentifier>
    </Filter>
    <Filter Include="Engine\Source Files">
      <UniqueIdentifier>{4FC737F1-C7A5-4376-A066-2A32D752A2FF}</UniqueIdentifier>
      <Extensions>cpp;c;cc;cxx;def;odl;idl;hpj;bat;asm;asmx</Extensions>
    </Filter>
    <Filter Include="Engine\Lib Files">
      <UniqueIdentifier>{4cf94e77-ee31-4f65-992f-9fe3edec928e}</UniqueIdentifier>
    </Filter>
    <Filter Include="Engine\Shaders">
      <UniqueIdentifier>{5ab2e276-ef80-480c-933f-c957f168ba29}</UniqueIdentifier>
    </Filter>
  </ItemGroup>
  <ItemGroup>
    <ClCompile Include="include\glad\glad.c">
      <Filter>Engine\Lib Files</Filter>
    </ClCompile>
    <ClCompile Include="include\nv_dds\nv_dds.cpp">
      <Filter>Engine\Lib Files</Filter>
    </ClCompile>
    <ClCompile Include="src\engine\shaders\pbr_standard.cpp">
      <Filter>Engine\Shaders</Filter>
    </ClCompile>
    <ClCompile Include="src\engine\shaders\shader.cpp">
      <Filter>Engine\Shaders</Filter>
    </ClCompile>
    <ClCompile Include="src\engine\shaders\shader_constants.cpp">
      <Filter>Engine\Shaders</Filter>
    </ClCompile>
    <ClCompile Include="src\engine\camera.cpp">
      <Filter>Engine\Source Files</Filter>
    </ClCompile>
    <ClCompile Include="src\engine\controls.cpp">
      <Filter>Engine\Source Files</Filter>
    </ClCompile>
    <ClCompile Include="src\engine\light.cpp">
      <Filter>Engine\Source Files</Filter>
    </ClCompile>
    <ClCompile Include="src\engine\main.cpp">
      <Filter>Engine\Source Files</Filter>
    </ClCompile>
    <ClCompile Include="src\engine\render_system.cpp">
      <Filter>Engine\Source Files</Filter>
    </ClCompile>
    <ClCompile Include="src\engine\texture.cpp">
      <Filter>Engine\Source Files</Filter>
    </ClCompile>
    <ClCompile Include="src\engine\model_importer.cpp">
      <Filter>Engine\Source Files</Filter>
    </ClCompile>
    <ClCompile Include="src\engine\model.cpp">
      <Filter>Engine\Source Files</Filter>
    </ClCompile>
    <ClCompile Include="src\engine\material.cpp">
      <Filter>Engine\Source Files</Filter>
    </ClCompile>
    <ClCompile Include="src\engine\mesh.cpp">
      <Filter>Engine\Source Files</Filter>
    </ClCompile>
    <ClCompile Include="src\engine\shaders\ssao.cpp">
      <Filter>Engine\Shaders</Filter>
    </ClCompile>
  </ItemGroup>
  <ItemGroup>
    <ClInclude Include="src\engine\shaders\pbr_standard.h">
      <Filter>Engine\Shaders</Filter>
    </ClInclude>
    <ClInclude Include="src\engine\shaders\shader.h">
      <Filter>Engine\Shaders</Filter>
    </ClInclude>
    <ClInclude Include="src\engine\shaders\shader_constants.h">
      <Filter>Engine\Shaders</Filter>
    </ClInclude>
    <ClInclude Include="src\engine\camera.h">
      <Filter>Engine\Source Files</Filter>
    </ClInclude>
    <ClInclude Include="src\engine\controls.h">
      <Filter>Engine\Source Files</Filter>
    </ClInclude>
    <ClInclude Include="src\engine\light.h">
      <Filter>Engine\Source Files</Filter>
    </ClInclude>
    <ClInclude Include="src\engine\render_system.h">
      <Filter>Engine\Source Files</Filter>
    </ClInclude>
    <ClInclude Include="src\engine\texture.h">
      <Filter>Engine\Source Files</Filter>
    </ClInclude>
    <ClInclude Include="src\engine\model_importer.h">
      <Filter>Engine\Source Files</Filter>
    </ClInclude>
    <ClInclude Include="src\engine\model.h">
      <Filter>Engine\Source Files</Filter>
    </ClInclude>
    <ClInclude Include="src\engine\material.h">
      <Filter>Engine\Source Files</Filter>
    </ClInclude>
    <ClInclude Include="src\engine\mesh.h">
      <Filter>Engine\Source Files</Filter>
    </ClInclude>
    <ClInclude Include="src\engine\Main.h" />
    <ClInclude Include="src\engine\shaders\ssao.h">
      <Filter>Engine\Shaders</Filter>
    </ClInclude>
  </ItemGroup>
</Project>